
Microsoft Visual Studio Solution File, Format Version 12.00
# Visual Studio 15
VisualStudioVersion = 15.0.28307.2017
MinimumVisualStudioVersion = 10.0.40219.1
Project("{FAE04EC0-301F-11D3-BF4B-00C04F79EFBC}") = "Main_method", "Main_method\Main_method.csproj", "{FAD567CD-6F27-47F5-A90D-01371C2155A2}"
EndProject
Global
	GlobalSection(SolutionConfigurationPlatforms) = preSolution
		Debug|Any CPU = Debug|Any CPU
		Release|Any CPU = Release|Any CPU
	EndGlobalSection
	GlobalSection(ProjectConfigurationPlatforms) = postSolution
		{FAD567CD-6F27-47F5-A90D-01371C2155A2}.Debug|Any CPU.ActiveCfg = Debug|Any CPU
		{FAD567CD-6F27-47F5-A90D-01371C2155A2}.Debug|Any CPU.Build.0 = Debug|Any CPU
		{FAD567CD-6F27-47F5-A90D-01371C2155A2}.Release|Any CPU.ActiveCfg = Release|Any CPU
		{FAD567CD-6F27-47F5-A90D-01371C2155A2}.Release|Any CPU.Build.0 = Release|Any CPU
	EndGlobalSection
	GlobalSection(SolutionProperties) = preSolution
		HideSolutionNode = FALSE
	EndGlobalSection
	GlobalSection(ExtensibilityGlobals) = postSolution
		SolutionGuid = {C250FFBA-D5D6-420D-9C0B-C8F2C893439A}
	EndGlobalSection
EndGlobal
