
Microsoft Visual Studio Solution File, Format Version 12.00
# Visual Studio 15
VisualStudioVersion = 15.0.28307.2017
MinimumVisualStudioVersion = 10.0.40219.1
Project("{FAE04EC0-301F-11D3-BF4B-00C04F79EFBC}") = "Middleware", "Middleware\Middleware.csproj", "{FD74D511-4344-4A5B-AF72-1ABA0299E6FD}"
EndProject
Global
	GlobalSection(SolutionConfigurationPlatforms) = preSolution
		Debug|Any CPU = Debug|Any CPU
		Release|Any CPU = Release|Any CPU
	EndGlobalSection
	GlobalSection(ProjectConfigurationPlatforms) = postSolution
		{FD74D511-4344-4A5B-AF72-1ABA0299E6FD}.Debug|Any CPU.ActiveCfg = Debug|Any CPU
		{FD74D511-4344-4A5B-AF72-1ABA0299E6FD}.Debug|Any CPU.Build.0 = Debug|Any CPU
		{FD74D511-4344-4A5B-AF72-1ABA0299E6FD}.Release|Any CPU.ActiveCfg = Release|Any CPU
		{FD74D511-4344-4A5B-AF72-1ABA0299E6FD}.Release|Any CPU.Build.0 = Release|Any CPU
	EndGlobalSection
	GlobalSection(SolutionProperties) = preSolution
		HideSolutionNode = FALSE
	EndGlobalSection
	GlobalSection(ExtensibilityGlobals) = postSolution
		SolutionGuid = {8EF1D571-C070-4E09-BB09-56FED0F3AA08}
	EndGlobalSection
EndGlobal
